
Microsoft Visual Studio Solution File, Format Version 12.00
# Visual Studio 15
VisualStudioVersion = 15.0.28307.168
MinimumVisualStudioVersion = 10.0.40219.1
Project("{FAE04EC0-301F-11D3-BF4B-00C04F79EFBC}") = "C0725030", "C0725030\C0725030.csproj", "{F225D5A4-DEC9-4686-8B2B-8A95CC6843F3}"
EndProject
Global
	GlobalSection(SolutionConfigurationPlatforms) = preSolution
		Debug|Any CPU = Debug|Any CPU
		Release|Any CPU = Release|Any CPU
	EndGlobalSection
	GlobalSection(ProjectConfigurationPlatforms) = postSolution
		{F225D5A4-DEC9-4686-8B2B-8A95CC6843F3}.Debug|Any CPU.ActiveCfg = Debug|Any CPU
		{F225D5A4-DEC9-4686-8B2B-8A95CC6843F3}.Debug|Any CPU.Build.0 = Debug|Any CPU
		{F225D5A4-DEC9-4686-8B2B-8A95CC6843F3}.Release|Any CPU.ActiveCfg = Release|Any CPU
		{F225D5A4-DEC9-4686-8B2B-8A95CC6843F3}.Release|Any CPU.Build.0 = Release|Any CPU
	EndGlobalSection
	GlobalSection(SolutionProperties) = preSolution
		HideSolutionNode = FALSE
	EndGlobalSection
	GlobalSection(ExtensibilityGlobals) = postSolution
		SolutionGuid = {AC5BA3D4-79C9-450A-A9A1-88B6D5FE2DBB}
	EndGlobalSection
EndGlobal
